
Microsoft Visual Studio Solution File, Format Version 12.00
# Visual Studio Version 16
VisualStudioVersion = 16.0.31019.35
MinimumVisualStudioVersion = 10.0.40219.1
Project("{8BC9CEB8-8B4A-11D0-8D11-00A0C91BC942}") = "MainGame", "MainGame\MainGame.vcxproj", "{3AB68ABA-8843-42E7-A846-A86754ED4C2B}"
	ProjectSection(ProjectDependencies) = postProject
		{6589E26D-A8FC-40F4-B78E-C66994C38A9F} = {6589E26D-A8FC-40F4-B78E-C66994C38A9F}
	EndProjectSection
EndProject
Project("{8BC9CEB8-8B4A-11D0-8D11-00A0C91BC942}") = "hsEngine", "..\hsEngine\hsEngine\hsEngine.vcxproj", "{5C6B3B73-594B-4708-BFFD-48CB1BD7C49B}"
EndProject
Project("{8BC9CEB8-8B4A-11D0-8D11-00A0C91BC942}") = "hsSound", "..\hsSound\hsSound\hsSound.vcxproj", "{6589E26D-A8FC-40F4-B78E-C66994C38A9F}"
EndProject
Global
	GlobalSection(SolutionConfigurationPlatforms) = preSolution
		Debug|x64 = Debug|x64
		Debug|x86 = Debug|x86
		Release|x64 = Release|x64
		Release|x86 = Release|x86
	EndGlobalSection
	GlobalSection(ProjectConfigurationPlatforms) = postSolution
		{3AB68ABA-8843-42E7-A846-A86754ED4C2B}.Debug|x64.ActiveCfg = Debug|x64
		{3AB68ABA-8843-42E7-A846-A86754ED4C2B}.Debug|x64.Build.0 = Debug|x64
		{3AB68ABA-8843-42E7-A846-A86754ED4C2B}.Debug|x86.ActiveCfg = Debug|Win32
		{3AB68ABA-8843-42E7-A846-A86754ED4C2B}.Debug|x86.Build.0 = Debug|Win32
		{3AB68ABA-8843-42E7-A846-A86754ED4C2B}.Release|x64.ActiveCfg = Release|x64
		{3AB68ABA-8843-42E7-A846-A86754ED4C2B}.Release|x64.Build.0 = Release|x64
		{3AB68ABA-8843-42E7-A846-A86754ED4C2B}.Release|x86.ActiveCfg = Release|Win32
		{3AB68ABA-8843-42E7-A846-A86754ED4C2B}.Release|x86.Build.0 = Release|Win32
		{5C6B3B73-594B-4708-BFFD-48CB1BD7C49B}.Debug|x64.ActiveCfg = Debug|x64
		{5C6B3B73-594B-4708-BFFD-48CB1BD7C49B}.Debug|x64.Build.0 = Debug|x64
		{5C6B3B73-594B-4708-BFFD-48CB1BD7C49B}.Debug|x86.ActiveCfg = Debug|Win32
		{5C6B3B73-594B-4708-BFFD-48CB1BD7C49B}.Debug|x86.Build.0 = Debug|Win32
		{5C6B3B73-594B-4708-BFFD-48CB1BD7C49B}.Release|x64.ActiveCfg = Release|x64
		{5C6B3B73-594B-4708-BFFD-48CB1BD7C49B}.Release|x64.Build.0 = Release|x64
		{5C6B3B73-594B-4708-BFFD-48CB1BD7C49B}.Release|x86.ActiveCfg = Release|Win32
		{5C6B3B73-594B-4708-BFFD-48CB1BD7C49B}.Release|x86.Build.0 = Release|Win32
		{6589E26D-A8FC-40F4-B78E-C66994C38A9F}.Debug|x64.ActiveCfg = Debug|x64
		{6589E26D-A8FC-40F4-B78E-C66994C38A9F}.Debug|x64.Build.0 = Debug|x64
		{6589E26D-A8FC-40F4-B78E-C66994C38A9F}.Debug|x86.ActiveCfg = Debug|Win32
		{6589E26D-A8FC-40F4-B78E-C66994C38A9F}.Debug|x86.Build.0 = Debug|Win32
		{6589E26D-A8FC-40F4-B78E-C66994C38A9F}.Release|x64.ActiveCfg = Release|x64
		{6589E26D-A8FC-40F4-B78E-C66994C38A9F}.Release|x64.Build.0 = Release|x64
		{6589E26D-A8FC-40F4-B78E-C66994C38A9F}.Release|x86.ActiveCfg = Release|Win32
		{6589E26D-A8FC-40F4-B78E-C66994C38A9F}.Release|x86.Build.0 = Release|Win32
	EndGlobalSection
	GlobalSection(SolutionProperties) = preSolution
		HideSolutionNode = FALSE
	EndGlobalSection
	GlobalSection(ExtensibilityGlobals) = postSolution
		SolutionGuid = {A396AD9A-F0FD-45FD-8CB6-94ECA242DF78}
	EndGlobalSection
EndGlobal
